// !$*UTF8*$!
{
	archiveVersion = 1;
	classes = {
	};
	objectVersion = 55;
	objects = {

/* Begin PBXBuildFile section */
		5312A8B82715B65A0045F4B3 /* AddAlertViewController.swift in Sources */ = {isa = PBXBuildFile; fileRef = 5312A8B72715B65A0045F4B3 /* AddAlertViewController.swift */; };
		5331729327281C4D0021BFB3 /* LoginManager.swift in Sources */ = {isa = PBXBuildFile; fileRef = 5331729227281C4D0021BFB3 /* LoginManager.swift */; };
		533B7B13271D0C98002A1359 /* UNNotificationCenter.swift in Sources */ = {isa = PBXBuildFile; fileRef = 533B7B12271D0C98002A1359 /* UNNotificationCenter.swift */; };
		535BE53D2761ABE400243161 /* InfoPlist.strings in Resources */ = {isa = PBXBuildFile; fileRef = 535BE53B2761ABE400243161 /* InfoPlist.strings */; };
		536186B0274D138400755903 /* Main.storyboard in Resources */ = {isa = PBXBuildFile; fileRef = 536186AF274D138400755903 /* Main.storyboard */; };
		536186B2274D13DE00755903 /* Loading.gif in Resources */ = {isa = PBXBuildFile; fileRef = 536186B1274D13DE00755903 /* Loading.gif */; };
		536186B4274D15E400755903 /* LaunchScreen.storyboard in Resources */ = {isa = PBXBuildFile; fileRef = 536186B3274D15E400755903 /* LaunchScreen.storyboard */; };
		536186B7274D171F00755903 /* BMEULJIRO.otf in Resources */ = {isa = PBXBuildFile; fileRef = 536186B6274D171F00755903 /* BMEULJIRO.otf */; };
		5364AB34273E6A5D00A88E2E /* ProfileViewController.swift in Sources */ = {isa = PBXBuildFile; fileRef = 5364AB33273E6A5D00A88E2E /* ProfileViewController.swift */; };
		5376084B2750754B005AD4CE /* DisConnectedViewController.swift in Sources */ = {isa = PBXBuildFile; fileRef = 5376084A2750754B005AD4CE /* DisConnectedViewController.swift */; };
		539D41252714789500ED3606 /* AlarmTableViewController.swift in Sources */ = {isa = PBXBuildFile; fileRef = 539D41242714789500ED3606 /* AlarmTableViewController.swift */; };
		539D4128271478A500ED3606 /* AlarmTableViewCell.swift in Sources */ = {isa = PBXBuildFile; fileRef = 539D4126271478A500ED3606 /* AlarmTableViewCell.swift */; };
		539D4129271478A500ED3606 /* AlarmTableViewCell.xib in Resources */ = {isa = PBXBuildFile; fileRef = 539D4127271478A500ED3606 /* AlarmTableViewCell.xib */; };
		53A44837270B215C000FA3C8 /* AppDelegate.swift in Sources */ = {isa = PBXBuildFile; fileRef = 53A44836270B215C000FA3C8 /* AppDelegate.swift */; };
		53A44839270B215C000FA3C8 /* SceneDelegate.swift in Sources */ = {isa = PBXBuildFile; fileRef = 53A44838270B215C000FA3C8 /* SceneDelegate.swift */; };
		53A4483B270B215C000FA3C8 /* LoginViewController.swift in Sources */ = {isa = PBXBuildFile; fileRef = 53A4483A270B215C000FA3C8 /* LoginViewController.swift */; };
		53A44840270B215D000FA3C8 /* Assets.xcassets in Resources */ = {isa = PBXBuildFile; fileRef = 53A4483F270B215D000FA3C8 /* Assets.xcassets */; };
		53A4484D270B33CB000FA3C8 /* ChartViewController.swift in Sources */ = {isa = PBXBuildFile; fileRef = 53A4484C270B33CB000FA3C8 /* ChartViewController.swift */; };
		53AD614C27151587001E51B7 /* Alert.swift in Sources */ = {isa = PBXBuildFile; fileRef = 53AD614B27151587001E51B7 /* Alert.swift */; };
		53B280AF2731594200CFD634 /* Repository.swift in Sources */ = {isa = PBXBuildFile; fileRef = 53B280AE2731594200CFD634 /* Repository.swift */; };
		53B80CE827624B2500B53468 /* Settings.bundle in Resources */ = {isa = PBXBuildFile; fileRef = 53B80CE727624B2500B53468 /* Settings.bundle */; };
		53BAA931276C6E81003F6C23 /* UserViewModel.swift in Sources */ = {isa = PBXBuildFile; fileRef = 53BAA930276C6E81003F6C23 /* UserViewModel.swift */; };
		53CEFACD27621D7E00E3E8DA /* GoogleService-Info.plist in Resources */ = {isa = PBXBuildFile; fileRef = 53CEFACC27621D7E00E3E8DA /* GoogleService-Info.plist */; };
		53D086E5274DDFD100CC4797 /* NetworkMonitor.swift in Sources */ = {isa = PBXBuildFile; fileRef = 53D086E4274DDFD100CC4797 /* NetworkMonitor.swift */; };
		53FC5D14272809E9002F368C /* HomeViewController.swift in Sources */ = {isa = PBXBuildFile; fileRef = 53FC5D13272809E9002F368C /* HomeViewController.swift */; };
		53FC5D1627280C66002F368C /* User.swift in Sources */ = {isa = PBXBuildFile; fileRef = 53FC5D1527280C66002F368C /* User.swift */; };
		53FC8CBD27322B5A00FAEC43 /* Commit.swift in Sources */ = {isa = PBXBuildFile; fileRef = 53FC8CBC27322B5A00FAEC43 /* Commit.swift */; };
		53FD9EA42737FBE8004944EC /* LoadingViewController.swift in Sources */ = {isa = PBXBuildFile; fileRef = 53FD9EA32737FBE8004944EC /* LoadingViewController.swift */; };
		CBC133481A9142FA120ED5B2 /* Pods_ComeIt.framework in Frameworks */ = {isa = PBXBuildFile; fileRef = 6E80F3726FD8AC0B175F01A9 /* Pods_ComeIt.framework */; };
/* End PBXBuildFile section */

/* Begin PBXFileReference section */
		5312A8B72715B65A0045F4B3 /* AddAlertViewController.swift */ = {isa = PBXFileReference; lastKnownFileType = sourcecode.swift; path = AddAlertViewController.swift; sourceTree = "<group>"; };
		5331729227281C4D0021BFB3 /* LoginManager.swift */ = {isa = PBXFileReference; lastKnownFileType = sourcecode.swift; path = LoginManager.swift; sourceTree = "<group>"; };
		533B7B12271D0C98002A1359 /* UNNotificationCenter.swift */ = {isa = PBXFileReference; lastKnownFileType = sourcecode.swift; path = UNNotificationCenter.swift; sourceTree = "<group>"; };
		535BE53C2761ABE400243161 /* Base */ = {isa = PBXFileReference; lastKnownFileType = text.plist.strings; name = Base; path = Base.lproj/InfoPlist.strings; sourceTree = "<group>"; };
		535BE53E2761AC0000243161 /* en */ = {isa = PBXFileReference; lastKnownFileType = text.plist.strings; name = en; path = en.lproj/InfoPlist.strings; sourceTree = "<group>"; };
		535BE53F2761AC0000243161 /* ko */ = {isa = PBXFileReference; lastKnownFileType = text.plist.strings; name = ko; path = ko.lproj/InfoPlist.strings; sourceTree = "<group>"; };
		536186AF274D138400755903 /* Main.storyboard */ = {isa = PBXFileReference; fileEncoding = 4; lastKnownFileType = file.storyboard; path = Main.storyboard; sourceTree = "<group>"; };
		536186B1274D13DE00755903 /* Loading.gif */ = {isa = PBXFileReference; lastKnownFileType = image.gif; path = Loading.gif; sourceTree = "<group>"; };
		536186B3274D15E400755903 /* LaunchScreen.storyboard */ = {isa = PBXFileReference; fileEncoding = 4; lastKnownFileType = file.storyboard; path = LaunchScreen.storyboard; sourceTree = "<group>"; };
		536186B6274D171F00755903 /* BMEULJIRO.otf */ = {isa = PBXFileReference; lastKnownFileType = file; path = BMEULJIRO.otf; sourceTree = "<group>"; };
		5364AB33273E6A5D00A88E2E /* ProfileViewController.swift */ = {isa = PBXFileReference; lastKnownFileType = sourcecode.swift; path = ProfileViewController.swift; sourceTree = "<group>"; };
		5376084A2750754B005AD4CE /* DisConnectedViewController.swift */ = {isa = PBXFileReference; lastKnownFileType = sourcecode.swift; path = DisConnectedViewController.swift; sourceTree = "<group>"; };
		539D41242714789500ED3606 /* AlarmTableViewController.swift */ = {isa = PBXFileReference; lastKnownFileType = sourcecode.swift; path = AlarmTableViewController.swift; sourceTree = "<group>"; };
		539D4126271478A500ED3606 /* AlarmTableViewCell.swift */ = {isa = PBXFileReference; lastKnownFileType = sourcecode.swift; path = AlarmTableViewCell.swift; sourceTree = "<group>"; };
		539D4127271478A500ED3606 /* AlarmTableViewCell.xib */ = {isa = PBXFileReference; lastKnownFileType = file.xib; path = AlarmTableViewCell.xib; sourceTree = "<group>"; };
		53A44833270B215C000FA3C8 /* ComeIt.app */ = {isa = PBXFileReference; explicitFileType = wrapper.application; includeInIndex = 0; path = ComeIt.app; sourceTree = BUILT_PRODUCTS_DIR; };
		53A44836270B215C000FA3C8 /* AppDelegate.swift */ = {isa = PBXFileReference; lastKnownFileType = sourcecode.swift; path = AppDelegate.swift; sourceTree = "<group>"; };
		53A44838270B215C000FA3C8 /* SceneDelegate.swift */ = {isa = PBXFileReference; lastKnownFileType = sourcecode.swift; path = SceneDelegate.swift; sourceTree = "<group>"; };
		53A4483A270B215C000FA3C8 /* LoginViewController.swift */ = {isa = PBXFileReference; lastKnownFileType = sourcecode.swift; path = LoginViewController.swift; sourceTree = "<group>"; };
		53A4483F270B215D000FA3C8 /* Assets.xcassets */ = {isa = PBXFileReference; lastKnownFileType = folder.assetcatalog; path = Assets.xcassets; sourceTree = "<group>"; };
		53A44844270B215D000FA3C8 /* Info.plist */ = {isa = PBXFileReference; lastKnownFileType = text.plist.xml; path = Info.plist; sourceTree = "<group>"; };
		53A4484C270B33CB000FA3C8 /* ChartViewController.swift */ = {isa = PBXFileReference; lastKnownFileType = sourcecode.swift; path = ChartViewController.swift; sourceTree = "<group>"; };
		53AD614B27151587001E51B7 /* Alert.swift */ = {isa = PBXFileReference; lastKnownFileType = sourcecode.swift; path = Alert.swift; sourceTree = "<group>"; };
		53B280AE2731594200CFD634 /* Repository.swift */ = {isa = PBXFileReference; lastKnownFileType = sourcecode.swift; path = Repository.swift; sourceTree = "<group>"; };
		53B80CE727624B2500B53468 /* Settings.bundle */ = {isa = PBXFileReference; lastKnownFileType = "wrapper.plug-in"; path = Settings.bundle; sourceTree = "<group>"; };
		53BAA930276C6E81003F6C23 /* UserViewModel.swift */ = {isa = PBXFileReference; lastKnownFileType = sourcecode.swift; path = UserViewModel.swift; sourceTree = "<group>"; };
		53CEFACB2762166E00E3E8DA /* Gitramy.entitlements */ = {isa = PBXFileReference; lastKnownFileType = text.plist.entitlements; path = Gitramy.entitlements; sourceTree = "<group>"; };
		53CEFACC27621D7E00E3E8DA /* GoogleService-Info.plist */ = {isa = PBXFileReference; fileEncoding = 4; lastKnownFileType = text.plist.xml; name = "GoogleService-Info.plist"; path = "../../../../Downloads/GoogleService-Info.plist"; sourceTree = "<group>"; };
		53D086E4274DDFD100CC4797 /* NetworkMonitor.swift */ = {isa = PBXFileReference; lastKnownFileType = sourcecode.swift; path = NetworkMonitor.swift; sourceTree = "<group>"; };
		53FC5D13272809E9002F368C /* HomeViewController.swift */ = {isa = PBXFileReference; lastKnownFileType = sourcecode.swift; path = HomeViewController.swift; sourceTree = "<group>"; };
		53FC5D1527280C66002F368C /* User.swift */ = {isa = PBXFileReference; lastKnownFileType = sourcecode.swift; path = User.swift; sourceTree = "<group>"; };
		53FC8CBC27322B5A00FAEC43 /* Commit.swift */ = {isa = PBXFileReference; lastKnownFileType = sourcecode.swift; path = Commit.swift; sourceTree = "<group>"; };
		53FD9EA32737FBE8004944EC /* LoadingViewController.swift */ = {isa = PBXFileReference; lastKnownFileType = sourcecode.swift; path = LoadingViewController.swift; sourceTree = "<group>"; };
		6E80F3726FD8AC0B175F01A9 /* Pods_ComeIt.framework */ = {isa = PBXFileReference; explicitFileType = wrapper.framework; includeInIndex = 0; path = Pods_ComeIt.framework; sourceTree = BUILT_PRODUCTS_DIR; };
		72B56493170A9C557ADA4AD2 /* Pods-ComeIt.debug.xcconfig */ = {isa = PBXFileReference; includeInIndex = 1; lastKnownFileType = text.xcconfig; name = "Pods-ComeIt.debug.xcconfig"; path = "Target Support Files/Pods-ComeIt/Pods-ComeIt.debug.xcconfig"; sourceTree = "<group>"; };
		89B8B0F155CFD623C83CFA29 /* Pods-Gitramy.release.xcconfig */ = {isa = PBXFileReference; includeInIndex = 1; lastKnownFileType = text.xcconfig; name = "Pods-Gitramy.release.xcconfig"; path = "Target Support Files/Pods-Gitramy/Pods-Gitramy.release.xcconfig"; sourceTree = "<group>"; };
		940E43BE7F5DA142425A22ED /* Pods-ComeIt.release.xcconfig */ = {isa = PBXFileReference; includeInIndex = 1; lastKnownFileType = text.xcconfig; name = "Pods-ComeIt.release.xcconfig"; path = "Target Support Files/Pods-ComeIt/Pods-ComeIt.release.xcconfig"; sourceTree = "<group>"; };
		B5F318ABC36BE18E047FF97D /* Pods-Gitramy.debug.xcconfig */ = {isa = PBXFileReference; includeInIndex = 1; lastKnownFileType = text.xcconfig; name = "Pods-Gitramy.debug.xcconfig"; path = "Target Support Files/Pods-Gitramy/Pods-Gitramy.debug.xcconfig"; sourceTree = "<group>"; };
/* End PBXFileReference section */

/* Begin PBXFrameworksBuildPhase section */
		53A44830270B215C000FA3C8 /* Frameworks */ = {
			isa = PBXFrameworksBuildPhase;
			buildActionMask = 2147483647;
			files = (
				CBC133481A9142FA120ED5B2 /* Pods_ComeIt.framework in Frameworks */,
			);
			runOnlyForDeploymentPostprocessing = 0;
		};
/* End PBXFrameworksBuildPhase section */

/* Begin PBXGroup section */
		530F862A270B358000343BA1 /* ViewController */ = {
			isa = PBXGroup;
			children = (
				53A4483A270B215C000FA3C8 /* LoginViewController.swift */,
				53FD9EA32737FBE8004944EC /* LoadingViewController.swift */,
				53FC5D13272809E9002F368C /* HomeViewController.swift */,
				53A4484C270B33CB000FA3C8 /* ChartViewController.swift */,
				5364AB33273E6A5D00A88E2E /* ProfileViewController.swift */,
			);
			path = ViewController;
			sourceTree = "<group>";
		};
		536186B5274D16A100755903 /* Font */ = {
			isa = PBXGroup;
			children = (
				536186B6274D171F00755903 /* BMEULJIRO.otf */,
			);
			path = Font;
			sourceTree = "<group>";
		};
		53759879273917F10004FAB4 /* View */ = {
			isa = PBXGroup;
			children = (
				539D4127271478A500ED3606 /* AlarmTableViewCell.xib */,
			);
			path = View;
			sourceTree = "<group>";
		};
		53A4482A270B215C000FA3C8 = {
			isa = PBXGroup;
			children = (
				53B80CE727624B2500B53468 /* Settings.bundle */,
				53A44835270B215C000FA3C8 /* Gitramy */,
				53A44834270B215C000FA3C8 /* Products */,
				6E8BAC81C53A991F4EF3E44F /* Pods */,
				A608722002CA607882A1096F /* Frameworks */,
			);
			sourceTree = "<group>";
		};
		53A44834270B215C000FA3C8 /* Products */ = {
			isa = PBXGroup;
			children = (
				53A44833270B215C000FA3C8 /* ComeIt.app */,
			);
			name = Products;
			sourceTree = "<group>";
		};
		53A44835270B215C000FA3C8 /* Gitramy */ = {
			isa = PBXGroup;
			children = (
				53CEFACB2762166E00E3E8DA /* Gitramy.entitlements */,
				53BAA929276C6BD0003F6C23 /* Alarm */,
				53BAA92C276C6C4C003F6C23 /* Network */,
				530F862A270B358000343BA1 /* ViewController */,
				53BAA92F276C6E69003F6C23 /* ViewModel */,
				53AD614A27151572001E51B7 /* Model */,
				53759879273917F10004FAB4 /* View */,
				53A44836270B215C000FA3C8 /* AppDelegate.swift */,
				53A44838270B215C000FA3C8 /* SceneDelegate.swift */,
				533B7B12271D0C98002A1359 /* UNNotificationCenter.swift */,
				536186B1274D13DE00755903 /* Loading.gif */,
				536186AF274D138400755903 /* Main.storyboard */,
				535BE53B2761ABE400243161 /* InfoPlist.strings */,
				536186B3274D15E400755903 /* LaunchScreen.storyboard */,
				53A4483F270B215D000FA3C8 /* Assets.xcassets */,
				53A44844270B215D000FA3C8 /* Info.plist */,
				53CEFACC27621D7E00E3E8DA /* GoogleService-Info.plist */,
				536186B5274D16A100755903 /* Font */,
			);
			name = Gitramy;
			path = ComeIt;
			sourceTree = "<group>";
		};
		53AD614A27151572001E51B7 /* Model */ = {
			isa = PBXGroup;
			children = (
				53FC5D1527280C66002F368C /* User.swift */,
				53B280AE2731594200CFD634 /* Repository.swift */,
				53FC8CBC27322B5A00FAEC43 /* Commit.swift */,
				5331729227281C4D0021BFB3 /* LoginManager.swift */,
			);
			path = Model;
			sourceTree = "<group>";
		};
		53BAA929276C6BD0003F6C23 /* Alarm */ = {
			isa = PBXGroup;
			children = (
				53BAA92B276C6C26003F6C23 /* Model */,
				53BAA92A276C6C0D003F6C23 /* ViewController */,
			);
			path = Alarm;
			sourceTree = "<group>";
		};
		53BAA92A276C6C0D003F6C23 /* ViewController */ = {
			isa = PBXGroup;
			children = (
				539D4126271478A500ED3606 /* AlarmTableViewCell.swift */,
				5312A8B72715B65A0045F4B3 /* AddAlertViewController.swift */,
				539D41242714789500ED3606 /* AlarmTableViewController.swift */,
			);
			path = ViewController;
			sourceTree = "<group>";
		};
		53BAA92B276C6C26003F6C23 /* Model */ = {
			isa = PBXGroup;
			children = (
				53AD614B27151587001E51B7 /* Alert.swift */,
			);
			path = Model;
			sourceTree = "<group>";
		};
		53BAA92C276C6C4C003F6C23 /* Network */ = {
			isa = PBXGroup;
			children = (
				53BAA92E276C6C6B003F6C23 /* ViewController */,
				53BAA92D276C6C5E003F6C23 /* Model */,
			);
			path = Network;
			sourceTree = "<group>";
		};
		53BAA92D276C6C5E003F6C23 /* Model */ = {
			isa = PBXGroup;
			children = (
				53D086E4274DDFD100CC4797 /* NetworkMonitor.swift */,
			);
			path = Model;
			sourceTree = "<group>";
		};
		53BAA92E276C6C6B003F6C23 /* ViewController */ = {
			isa = PBXGroup;
			children = (
				5376084A2750754B005AD4CE /* DisConnectedViewController.swift */,
			);
			path = ViewController;
			sourceTree = "<group>";
		};
		53BAA92F276C6E69003F6C23 /* ViewModel */ = {
			isa = PBXGroup;
			children = (
				53BAA930276C6E81003F6C23 /* UserViewModel.swift */,
			);
			path = ViewModel;
			sourceTree = "<group>";
		};
		6E8BAC81C53A991F4EF3E44F /* Pods */ = {
			isa = PBXGroup;
			children = (
				B5F318ABC36BE18E047FF97D /* Pods-Gitramy.debug.xcconfig */,
				89B8B0F155CFD623C83CFA29 /* Pods-Gitramy.release.xcconfig */,
				72B56493170A9C557ADA4AD2 /* Pods-ComeIt.debug.xcconfig */,
				940E43BE7F5DA142425A22ED /* Pods-ComeIt.release.xcconfig */,
			);
			path = Pods;
			sourceTree = "<group>";
		};
		A608722002CA607882A1096F /* Frameworks */ = {
			isa = PBXGroup;
			children = (
				6E80F3726FD8AC0B175F01A9 /* Pods_ComeIt.framework */,
			);
			name = Frameworks;
			sourceTree = "<group>";
		};
/* End PBXGroup section */

/* Begin PBXNativeTarget section */
		53A44832270B215C000FA3C8 /* ComeIt */ = {
			isa = PBXNativeTarget;
			buildConfigurationList = 53A44847270B215D000FA3C8 /* Build configuration list for PBXNativeTarget "ComeIt" */;
			buildPhases = (
				17A0544575EFAF38696D192D /* [CP] Check Pods Manifest.lock */,
				53A4482F270B215C000FA3C8 /* Sources */,
				53A44830270B215C000FA3C8 /* Frameworks */,
				53A44831270B215C000FA3C8 /* Resources */,
				1C41BFB2AE922EEB97CB42D6 /* [CP] Embed Pods Frameworks */,
			);
			buildRules = (
			);
			dependencies = (
			);
			name = ComeIt;
			productName = Gitramy;
			productReference = 53A44833270B215C000FA3C8 /* ComeIt.app */;
			productType = "com.apple.product-type.application";
		};
/* End PBXNativeTarget section */

/* Begin PBXProject section */
		53A4482B270B215C000FA3C8 /* Project object */ = {
			isa = PBXProject;
			attributes = {
				BuildIndependentTargetsInParallel = YES;
				LastSwiftUpdateCheck = 1300;
				LastUpgradeCheck = 1300;
				TargetAttributes = {
					53A44832270B215C000FA3C8 = {
						CreatedOnToolsVersion = 13.0;
					};
				};
			};
			buildConfigurationList = 53A4482E270B215C000FA3C8 /* Build configuration list for PBXProject "ComeIt" */;
			compatibilityVersion = "Xcode 13.0";
			developmentRegion = en;
			hasScannedForEncodings = 0;
			knownRegions = (
				en,
				ko,
				Base,
			);
			mainGroup = 53A4482A270B215C000FA3C8;
			productRefGroup = 53A44834270B215C000FA3C8 /* Products */;
			projectDirPath = "";
			projectRoot = "";
			targets = (
				53A44832270B215C000FA3C8 /* ComeIt */,
			);
		};
/* End PBXProject section */

/* Begin PBXResourcesBuildPhase section */
		53A44831270B215C000FA3C8 /* Resources */ = {
			isa = PBXResourcesBuildPhase;
			buildActionMask = 2147483647;
			files = (
				536186B2274D13DE00755903 /* Loading.gif in Resources */,
				535BE53D2761ABE400243161 /* InfoPlist.strings in Resources */,
				53CEFACD27621D7E00E3E8DA /* GoogleService-Info.plist in Resources */,
				536186B0274D138400755903 /* Main.storyboard in Resources */,
				536186B7274D171F00755903 /* BMEULJIRO.otf in Resources */,
				53A44840270B215D000FA3C8 /* Assets.xcassets in Resources */,
				536186B4274D15E400755903 /* LaunchScreen.storyboard in Resources */,
				53B80CE827624B2500B53468 /* Settings.bundle in Resources */,
				539D4129271478A500ED3606 /* AlarmTableViewCell.xib in Resources */,
			);
			runOnlyForDeploymentPostprocessing = 0;
		};
/* End PBXResourcesBuildPhase section */

/* Begin PBXShellScriptBuildPhase section */
		17A0544575EFAF38696D192D /* [CP] Check Pods Manifest.lock */ = {
			isa = PBXShellScriptBuildPhase;
			buildActionMask = 2147483647;
			files = (
			);
			inputFileListPaths = (
			);
			inputPaths = (
				"${PODS_PODFILE_DIR_PATH}/Podfile.lock",
				"${PODS_ROOT}/Manifest.lock",
			);
			name = "[CP] Check Pods Manifest.lock";
			outputFileListPaths = (
			);
			outputPaths = (
				"$(DERIVED_FILE_DIR)/Pods-ComeIt-checkManifestLockResult.txt",
			);
			runOnlyForDeploymentPostprocessing = 0;
			shellPath = /bin/sh;
			shellScript = "diff \"${PODS_PODFILE_DIR_PATH}/Podfile.lock\" \"${PODS_ROOT}/Manifest.lock\" > /dev/null\nif [ $? != 0 ] ; then\n    # print error to STDERR\n    echo \"error: The sandbox is not in sync with the Podfile.lock. Run 'pod install' or update your CocoaPods installation.\" >&2\n    exit 1\nfi\n# This output is used by Xcode 'outputs' to avoid re-running this script phase.\necho \"SUCCESS\" > \"${SCRIPT_OUTPUT_FILE_0}\"\n";
			showEnvVarsInLog = 0;
		};
		1C41BFB2AE922EEB97CB42D6 /* [CP] Embed Pods Frameworks */ = {
			isa = PBXShellScriptBuildPhase;
			buildActionMask = 2147483647;
			files = (
			);
			inputFileListPaths = (
				"${PODS_ROOT}/Target Support Files/Pods-ComeIt/Pods-ComeIt-frameworks-${CONFIGURATION}-input-files.xcfilelist",
			);
			name = "[CP] Embed Pods Frameworks";
			outputFileListPaths = (
				"${PODS_ROOT}/Target Support Files/Pods-ComeIt/Pods-ComeIt-frameworks-${CONFIGURATION}-output-files.xcfilelist",
			);
			runOnlyForDeploymentPostprocessing = 0;
			shellPath = /bin/sh;
			shellScript = "\"${PODS_ROOT}/Target Support Files/Pods-ComeIt/Pods-ComeIt-frameworks.sh\"\n";
			showEnvVarsInLog = 0;
		};
/* End PBXShellScriptBuildPhase section */

/* Begin PBXSourcesBuildPhase section */
		53A4482F270B215C000FA3C8 /* Sources */ = {
			isa = PBXSourcesBuildPhase;
			buildActionMask = 2147483647;
			files = (
				53FC8CBD27322B5A00FAEC43 /* Commit.swift in Sources */,
				533B7B13271D0C98002A1359 /* UNNotificationCenter.swift in Sources */,
				539D41252714789500ED3606 /* AlarmTableViewController.swift in Sources */,
				53FD9EA42737FBE8004944EC /* LoadingViewController.swift in Sources */,
				5312A8B82715B65A0045F4B3 /* AddAlertViewController.swift in Sources */,
				53A4483B270B215C000FA3C8 /* LoginViewController.swift in Sources */,
				5364AB34273E6A5D00A88E2E /* ProfileViewController.swift in Sources */,
				53A44837270B215C000FA3C8 /* AppDelegate.swift in Sources */,
				5331729327281C4D0021BFB3 /* LoginManager.swift in Sources */,
				53FC5D14272809E9002F368C /* HomeViewController.swift in Sources */,
				5376084B2750754B005AD4CE /* DisConnectedViewController.swift in Sources */,
				53B280AF2731594200CFD634 /* Repository.swift in Sources */,
				53A44839270B215C000FA3C8 /* SceneDelegate.swift in Sources */,
				539D4128271478A500ED3606 /* AlarmTableViewCell.swift in Sources */,
				53AD614C27151587001E51B7 /* Alert.swift in Sources */,
				53BAA931276C6E81003F6C23 /* UserViewModel.swift in Sources */,
				53D086E5274DDFD100CC4797 /* NetworkMonitor.swift in Sources */,
				53A4484D270B33CB000FA3C8 /* ChartViewController.swift in Sources */,
				53FC5D1627280C66002F368C /* User.swift in Sources */,
			);
			runOnlyForDeploymentPostprocessing = 0;
		};
/* End PBXSourcesBuildPhase section */

/* Begin PBXVariantGroup section */
		535BE53B2761ABE400243161 /* InfoPlist.strings */ = {
			isa = PBXVariantGroup;
			children = (
				535BE53C2761ABE400243161 /* Base */,
				535BE53E2761AC0000243161 /* en */,
				535BE53F2761AC0000243161 /* ko */,
			);
			name = InfoPlist.strings;
			sourceTree = "<group>";
		};
/* End PBXVariantGroup section */

/* Begin XCBuildConfiguration section */
		53A44845270B215D000FA3C8 /* Debug */ = {
			isa = XCBuildConfiguration;
			buildSettings = {
				ALWAYS_SEARCH_USER_PATHS = NO;
				CLANG_ANALYZER_NONNULL = YES;
				CLANG_ANALYZER_NUMBER_OBJECT_CONVERSION = YES_AGGRESSIVE;
				CLANG_CXX_LANGUAGE_STANDARD = "gnu++17";
				CLANG_CXX_LIBRARY = "libc++";
				CLANG_ENABLE_MODULES = YES;
				CLANG_ENABLE_OBJC_ARC = YES;
				CLANG_ENABLE_OBJC_WEAK = YES;
				CLANG_WARN_BLOCK_CAPTURE_AUTORELEASING = YES;
				CLANG_WARN_BOOL_CONVERSION = YES;
				CLANG_WARN_COMMA = YES;
				CLANG_WARN_CONSTANT_CONVERSION = YES;
				CLANG_WARN_DEPRECATED_OBJC_IMPLEMENTATIONS = YES;
				CLANG_WARN_DIRECT_OBJC_ISA_USAGE = YES_ERROR;
				CLANG_WARN_DOCUMENTATION_COMMENTS = YES;
				CLANG_WARN_EMPTY_BODY = YES;
				CLANG_WARN_ENUM_CONVERSION = YES;
				CLANG_WARN_INFINITE_RECURSION = YES;
				CLANG_WARN_INT_CONVERSION = YES;
				CLANG_WARN_NON_LITERAL_NULL_CONVERSION = YES;
				CLANG_WARN_OBJC_IMPLICIT_RETAIN_SELF = YES;
				CLANG_WARN_OBJC_LITERAL_CONVERSION = YES;
				CLANG_WARN_OBJC_ROOT_CLASS = YES_ERROR;
				CLANG_WARN_QUOTED_INCLUDE_IN_FRAMEWORK_HEADER = YES;
				CLANG_WARN_RANGE_LOOP_ANALYSIS = YES;
				CLANG_WARN_STRICT_PROTOTYPES = YES;
				CLANG_WARN_SUSPICIOUS_MOVE = YES;
				CLANG_WARN_UNGUARDED_AVAILABILITY = YES_AGGRESSIVE;
				CLANG_WARN_UNREACHABLE_CODE = YES;
				CLANG_WARN__DUPLICATE_METHOD_MATCH = YES;
				COPY_PHASE_STRIP = NO;
				DEBUG_INFORMATION_FORMAT = dwarf;
				ENABLE_STRICT_OBJC_MSGSEND = YES;
				ENABLE_TESTABILITY = YES;
				GCC_C_LANGUAGE_STANDARD = gnu11;
				GCC_DYNAMIC_NO_PIC = NO;
				GCC_NO_COMMON_BLOCKS = YES;
				GCC_OPTIMIZATION_LEVEL = 0;
				GCC_PREPROCESSOR_DEFINITIONS = (
					"DEBUG=1",
					"$(inherited)",
				);
				GCC_WARN_64_TO_32_BIT_CONVERSION = YES;
				GCC_WARN_ABOUT_RETURN_TYPE = YES_ERROR;
				GCC_WARN_UNDECLARED_SELECTOR = YES;
				GCC_WARN_UNINITIALIZED_AUTOS = YES_AGGRESSIVE;
				GCC_WARN_UNUSED_FUNCTION = YES;
				GCC_WARN_UNUSED_VARIABLE = YES;
				IPHONEOS_DEPLOYMENT_TARGET = 15.0;
				MTL_ENABLE_DEBUG_INFO = INCLUDE_SOURCE;
				MTL_FAST_MATH = YES;
				ONLY_ACTIVE_ARCH = YES;
				SDKROOT = iphoneos;
				SWIFT_ACTIVE_COMPILATION_CONDITIONS = DEBUG;
				SWIFT_OPTIMIZATION_LEVEL = "-Onone";
			};
			name = Debug;
		};
		53A44846270B215D000FA3C8 /* Release */ = {
			isa = XCBuildConfiguration;
			buildSettings = {
				ALWAYS_SEARCH_USER_PATHS = NO;
				CLANG_ANALYZER_NONNULL = YES;
				CLANG_ANALYZER_NUMBER_OBJECT_CONVERSION = YES_AGGRESSIVE;
				CLANG_CXX_LANGUAGE_STANDARD = "gnu++17";
				CLANG_CXX_LIBRARY = "libc++";
				CLANG_ENABLE_MODULES = YES;
				CLANG_ENABLE_OBJC_ARC = YES;
				CLANG_ENABLE_OBJC_WEAK = YES;
				CLANG_WARN_BLOCK_CAPTURE_AUTORELEASING = YES;
				CLANG_WARN_BOOL_CONVERSION = YES;
				CLANG_WARN_COMMA = YES;
				CLANG_WARN_CONSTANT_CONVERSION = YES;
				CLANG_WARN_DEPRECATED_OBJC_IMPLEMENTATIONS = YES;
				CLANG_WARN_DIRECT_OBJC_ISA_USAGE = YES_ERROR;
				CLANG_WARN_DOCUMENTATION_COMMENTS = YES;
				CLANG_WARN_EMPTY_BODY = YES;
				CLANG_WARN_ENUM_CONVERSION = YES;
				CLANG_WARN_INFINITE_RECURSION = YES;
				CLANG_WARN_INT_CONVERSION = YES;
				CLANG_WARN_NON_LITERAL_NULL_CONVERSION = YES;
				CLANG_WARN_OBJC_IMPLICIT_RETAIN_SELF = YES;
				CLANG_WARN_OBJC_LITERAL_CONVERSION = YES;
				CLANG_WARN_OBJC_ROOT_CLASS = YES_ERROR;
				CLANG_WARN_QUOTED_INCLUDE_IN_FRAMEWORK_HEADER = YES;
				CLANG_WARN_RANGE_LOOP_ANALYSIS = YES;
				CLANG_WARN_STRICT_PROTOTYPES = YES;
				CLANG_WARN_SUSPICIOUS_MOVE = YES;
				CLANG_WARN_UNGUARDED_AVAILABILITY = YES_AGGRESSIVE;
				CLANG_WARN_UNREACHABLE_CODE = YES;
				CLANG_WARN__DUPLICATE_METHOD_MATCH = YES;
				COPY_PHASE_STRIP = NO;
				DEBUG_INFORMATION_FORMAT = "dwarf-with-dsym";
				ENABLE_NS_ASSERTIONS = NO;
				ENABLE_STRICT_OBJC_MSGSEND = YES;
				GCC_C_LANGUAGE_STANDARD = gnu11;
				GCC_NO_COMMON_BLOCKS = YES;
				GCC_WARN_64_TO_32_BIT_CONVERSION = YES;
				GCC_WARN_ABOUT_RETURN_TYPE = YES_ERROR;
				GCC_WARN_UNDECLARED_SELECTOR = YES;
				GCC_WARN_UNINITIALIZED_AUTOS = YES_AGGRESSIVE;
				GCC_WARN_UNUSED_FUNCTION = YES;
				GCC_WARN_UNUSED_VARIABLE = YES;
				IPHONEOS_DEPLOYMENT_TARGET = 15.0;
				MTL_ENABLE_DEBUG_INFO = NO;
				MTL_FAST_MATH = YES;
				SDKROOT = iphoneos;
				SWIFT_COMPILATION_MODE = wholemodule;
				SWIFT_OPTIMIZATION_LEVEL = "-O";
				VALIDATE_PRODUCT = YES;
			};
			name = Release;
		};
		53A44848270B215D000FA3C8 /* Debug */ = {
			isa = XCBuildConfiguration;
			baseConfigurationReference = 72B56493170A9C557ADA4AD2 /* Pods-ComeIt.debug.xcconfig */;
			buildSettings = {
				ASSETCATALOG_COMPILER_APPICON_NAME = AppIcon;
				ASSETCATALOG_COMPILER_GLOBAL_ACCENT_COLOR_NAME = AccentColor;
				CODE_SIGN_ENTITLEMENTS = Gitramy/Gitramy.entitlements;
				CODE_SIGN_STYLE = Automatic;
				CURRENT_PROJECT_VERSION = 1;
				DEVELOPMENT_TEAM = 5UYBRX8UM9;
				GENERATE_INFOPLIST_FILE = YES;
				INFOPLIST_FILE = ComeIt/Info.plist;
				INFOPLIST_KEY_UIApplicationSupportsIndirectInputEvents = YES;
				INFOPLIST_KEY_UILaunchStoryboardName = LaunchScreen;
				INFOPLIST_KEY_UIMainStoryboardFile = Main;
				INFOPLIST_KEY_UISupportedInterfaceOrientations_iPad = "UIInterfaceOrientationPortrait UIInterfaceOrientationPortraitUpsideDown UIInterfaceOrientationLandscapeLeft UIInterfaceOrientationLandscapeRight";
				INFOPLIST_KEY_UISupportedInterfaceOrientations_iPhone = "UIInterfaceOrientationPortrait UIInterfaceOrientationLandscapeLeft UIInterfaceOrientationLandscapeRight";
				IPHONEOS_DEPLOYMENT_TARGET = 15.0;
				LD_RUNPATH_SEARCH_PATHS = (
					"$(inherited)",
					"@executable_path/Frameworks",
				);
				MARKETING_VERSION = 1.0;
				PRODUCT_BUNDLE_IDENTIFIER = com.JPAhn.Comeit;
				PRODUCT_NAME = "$(TARGET_NAME)";
				SWIFT_EMIT_LOC_STRINGS = YES;
				SWIFT_VERSION = 5.0;
				TARGETED_DEVICE_FAMILY = 1;
			};
			name = Debug;
		};
		53A44849270B215D000FA3C8 /* Release */ = {
			isa = XCBuildConfiguration;
			baseConfigurationReference = 940E43BE7F5DA142425A22ED /* Pods-ComeIt.release.xcconfig */;
			buildSettings = {
				ASSETCATALOG_COMPILER_APPICON_NAME = AppIcon;
				ASSETCATALOG_COMPILER_GLOBAL_ACCENT_COLOR_NAME = AccentColor;
				CODE_SIGN_ENTITLEMENTS = Gitramy/Gitramy.entitlements;
				CODE_SIGN_STYLE = Automatic;
				CURRENT_PROJECT_VERSION = 1;
				DEVELOPMENT_TEAM = 5UYBRX8UM9;
				GENERATE_INFOPLIST_FILE = YES;
				INFOPLIST_FILE = ComeIt/Info.plist;
				INFOPLIST_KEY_UIApplicationSupportsIndirectInputEvents = YES;
				INFOPLIST_KEY_UILaunchStoryboardName = LaunchScreen;
				INFOPLIST_KEY_UIMainStoryboardFile = Main;
				INFOPLIST_KEY_UISupportedInterfaceOrientations_iPad = "UIInterfaceOrientationPortrait UIInterfaceOrientationPortraitUpsideDown UIInterfaceOrientationLandscapeLeft UIInterfaceOrientationLandscapeRight";
				INFOPLIST_KEY_UISupportedInterfaceOrientations_iPhone = "UIInterfaceOrientationPortrait UIInterfaceOrientationLandscapeLeft UIInterfaceOrientationLandscapeRight";
				IPHONEOS_DEPLOYMENT_TARGET = 15.0;
				LD_RUNPATH_SEARCH_PATHS = (
					"$(inherited)",
					"@executable_path/Frameworks",
				);
				MARKETING_VERSION = 1.0;
				PRODUCT_BUNDLE_IDENTIFIER = com.JPAhn.Comeit;
				PRODUCT_NAME = "$(TARGET_NAME)";
				SWIFT_EMIT_LOC_STRINGS = YES;
				SWIFT_VERSION = 5.0;
				TARGETED_DEVICE_FAMILY = 1;
			};
			name = Release;
		};
/* End XCBuildConfiguration section */

/* Begin XCConfigurationList section */
		53A4482E270B215C000FA3C8 /* Build configuration list for PBXProject "ComeIt" */ = {
			isa = XCConfigurationList;
			buildConfigurations = (
				53A44845270B215D000FA3C8 /* Debug */,
				53A44846270B215D000FA3C8 /* Release */,
			);
			defaultConfigurationIsVisible = 0;
			defaultConfigurationName = Release;
		};
		53A44847270B215D000FA3C8 /* Build configuration list for PBXNativeTarget "ComeIt" */ = {
			isa = XCConfigurationList;
			buildConfigurations = (
				53A44848270B215D000FA3C8 /* Debug */,
				53A44849270B215D000FA3C8 /* Release */,
			);
			defaultConfigurationIsVisible = 0;
			defaultConfigurationName = Release;
		};
/* End XCConfigurationList section */
	};
	rootObject = 53A4482B270B215C000FA3C8 /* Project object */;
}
